
Microsoft Visual Studio Solution File, Format Version 12.00
# Visual Studio Version 17
VisualStudioVersion = 17.2.32616.157
MinimumVisualStudioVersion = 10.0.40219.1
Project("{FAE04EC0-301F-11D3-BF4B-00C04F79EFBC}") = "twelthJuneClassAndHandsOn", "twelthJuneClass\twelthJuneClassAndHandsOn.csproj", "{93F90436-45CB-4A3D-98A6-FD3E559321D0}"
EndProject
Global
	GlobalSection(SolutionConfigurationPlatforms) = preSolution
		Debug|Any CPU = Debug|Any CPU
		Release|Any CPU = Release|Any CPU
	EndGlobalSection
	GlobalSection(ProjectConfigurationPlatforms) = postSolution
		{93F90436-45CB-4A3D-98A6-FD3E559321D0}.Debug|Any CPU.ActiveCfg = Debug|Any CPU
		{93F90436-45CB-4A3D-98A6-FD3E559321D0}.Debug|Any CPU.Build.0 = Debug|Any CPU
		{93F90436-45CB-4A3D-98A6-FD3E559321D0}.Release|Any CPU.ActiveCfg = Release|Any CPU
		{93F90436-45CB-4A3D-98A6-FD3E559321D0}.Release|Any CPU.Build.0 = Release|Any CPU
	EndGlobalSection
	GlobalSection(SolutionProperties) = preSolution
		HideSolutionNode = FALSE
	EndGlobalSection
	GlobalSection(ExtensibilityGlobals) = postSolution
		SolutionGuid = {B6B4120C-5CCE-431D-8E36-FB0F46AB709D}
	EndGlobalSection
EndGlobal
